// !$*UTF8*$!
{
	archiveVersion = 1;
	classes = {
	};
	objectVersion = 51;
	objects = {

/* Begin PBXBuildFile section */
		83D357F0FF75FCB7091DED05 /* Pods_NutsMarket.framework in Frameworks */ = {isa = PBXBuildFile; fileRef = F97A84D21EFA9083E6C93EA7 /* Pods_NutsMarket.framework */; };
		B31B509E2507F24F004954CD /* MainPagePresenter.swift in Sources */ = {isa = PBXBuildFile; fileRef = B31B509D2507F24F004954CD /* MainPagePresenter.swift */; };
		B31B50A02507F2E0004954CD /* MainPageViewControllerInteractor.swift in Sources */ = {isa = PBXBuildFile; fileRef = B31B509F2507F2E0004954CD /* MainPageViewControllerInteractor.swift */; };
		B31B50A22507FCD0004954CD /* MainPageViewConfigurator.swift in Sources */ = {isa = PBXBuildFile; fileRef = B31B50A12507FCD0004954CD /* MainPageViewConfigurator.swift */; };
		B31B50A5250804F1004954CD /* RegisterViewPresenter.swift in Sources */ = {isa = PBXBuildFile; fileRef = B31B50A4250804F1004954CD /* RegisterViewPresenter.swift */; };
		B31B50A725080500004954CD /* RegisterViewInteractor.swift in Sources */ = {isa = PBXBuildFile; fileRef = B31B50A625080500004954CD /* RegisterViewInteractor.swift */; };
		B31B50A925080516004954CD /* RegisterViewConfigurator.swift in Sources */ = {isa = PBXBuildFile; fileRef = B31B50A825080516004954CD /* RegisterViewConfigurator.swift */; };
		B31B50AB2508E935004954CD /* MainPageRouter.swift in Sources */ = {isa = PBXBuildFile; fileRef = B31B50AA2508E935004954CD /* MainPageRouter.swift */; };
		B38DBF0E2509F94200613EA3 /* ForgotenPasswordPresenter.swift in Sources */ = {isa = PBXBuildFile; fileRef = B38DBF0D2509F94200613EA3 /* ForgotenPasswordPresenter.swift */; };
		B38DBF102509F95600613EA3 /* ForgotPasswordInteractor.swift in Sources */ = {isa = PBXBuildFile; fileRef = B38DBF0F2509F95600613EA3 /* ForgotPasswordInteractor.swift */; };
		B38DBF122509F96900613EA3 /* ForgotPasswordConfigurator.swift in Sources */ = {isa = PBXBuildFile; fileRef = B38DBF112509F96900613EA3 /* ForgotPasswordConfigurator.swift */; };
		B38DBF1A250A152600613EA3 /* NutsMarketTests.swift in Sources */ = {isa = PBXBuildFile; fileRef = B38DBF19250A152600613EA3 /* NutsMarketTests.swift */; };
		B3CA18722504BCA8000C8578 /* GoogleService-Info.plist in Resources */ = {isa = PBXBuildFile; fileRef = B3CA18712504BCA8000C8578 /* GoogleService-Info.plist */; };
		B3CA18742504BF63000C8578 /* RegisterScreenViewController.swift in Sources */ = {isa = PBXBuildFile; fileRef = B3CA18732504BF63000C8578 /* RegisterScreenViewController.swift */; };
		B3CA18762504BF81000C8578 /* ForgotPasswordViewController.swift in Sources */ = {isa = PBXBuildFile; fileRef = B3CA18752504BF81000C8578 /* ForgotPasswordViewController.swift */; };
		B3CA18782504DA2F000C8578 /* ProfileViewController.swift in Sources */ = {isa = PBXBuildFile; fileRef = B3CA18772504DA2F000C8578 /* ProfileViewController.swift */; };
		B3CA187A2504DA93000C8578 /* DetailTableViewController.swift in Sources */ = {isa = PBXBuildFile; fileRef = B3CA18792504DA93000C8578 /* DetailTableViewController.swift */; };
		B3CA187C2504DBC6000C8578 /* ImageTableViewCell.swift in Sources */ = {isa = PBXBuildFile; fileRef = B3CA187B2504DBC6000C8578 /* ImageTableViewCell.swift */; };
		B3E7C547250CA4440007F08B /* NutModel.swift in Sources */ = {isa = PBXBuildFile; fileRef = B3E7C546250CA4440007F08B /* NutModel.swift */; };
		B3E7C549250CA4550007F08B /* User.swift in Sources */ = {isa = PBXBuildFile; fileRef = B3E7C548250CA4550007F08B /* User.swift */; };
		B3EFF8B624F82C7B00589626 /* AppDelegate.swift in Sources */ = {isa = PBXBuildFile; fileRef = B3EFF8B524F82C7B00589626 /* AppDelegate.swift */; };
		B3EFF8B824F82C7B00589626 /* SceneDelegate.swift in Sources */ = {isa = PBXBuildFile; fileRef = B3EFF8B724F82C7B00589626 /* SceneDelegate.swift */; };
		B3EFF8BA24F82C7B00589626 /* MainPageView.swift in Sources */ = {isa = PBXBuildFile; fileRef = B3EFF8B924F82C7B00589626 /* MainPageView.swift */; };
		B3EFF8BD24F82C7B00589626 /* Main.storyboard in Resources */ = {isa = PBXBuildFile; fileRef = B3EFF8BB24F82C7B00589626 /* Main.storyboard */; };
		B3EFF8BF24F82C7D00589626 /* Assets.xcassets in Resources */ = {isa = PBXBuildFile; fileRef = B3EFF8BE24F82C7D00589626 /* Assets.xcassets */; };
		B3EFF8C224F82C7D00589626 /* LaunchScreen.storyboard in Resources */ = {isa = PBXBuildFile; fileRef = B3EFF8C024F82C7D00589626 /* LaunchScreen.storyboard */; };
		B3EFF8CA24F82FC800589626 /* MarketCollectionViewController.swift in Sources */ = {isa = PBXBuildFile; fileRef = B3EFF8C924F82FC800589626 /* MarketCollectionViewController.swift */; };
/* End PBXBuildFile section */

/* Begin PBXContainerItemProxy section */
		B38DBF1C250A152600613EA3 /* PBXContainerItemProxy */ = {
			isa = PBXContainerItemProxy;
			containerPortal = B3EFF8AA24F82C7B00589626 /* Project object */;
			proxyType = 1;
			remoteGlobalIDString = B3EFF8B124F82C7B00589626;
			remoteInfo = NutsMarket;
		};
/* End PBXContainerItemProxy section */

/* Begin PBXFileReference section */
		918A118A6CE87DF5528F1373 /* Pods-NutsMarket.release.xcconfig */ = {isa = PBXFileReference; includeInIndex = 1; lastKnownFileType = text.xcconfig; name = "Pods-NutsMarket.release.xcconfig"; path = "Target Support Files/Pods-NutsMarket/Pods-NutsMarket.release.xcconfig"; sourceTree = "<group>"; };
		B31B509D2507F24F004954CD /* MainPagePresenter.swift */ = {isa = PBXFileReference; lastKnownFileType = sourcecode.swift; path = MainPagePresenter.swift; sourceTree = "<group>"; };
		B31B509F2507F2E0004954CD /* MainPageViewControllerInteractor.swift */ = {isa = PBXFileReference; lastKnownFileType = sourcecode.swift; path = MainPageViewControllerInteractor.swift; sourceTree = "<group>"; };
		B31B50A12507FCD0004954CD /* MainPageViewConfigurator.swift */ = {isa = PBXFileReference; lastKnownFileType = sourcecode.swift; path = MainPageViewConfigurator.swift; sourceTree = "<group>"; };
		B31B50A4250804F1004954CD /* RegisterViewPresenter.swift */ = {isa = PBXFileReference; lastKnownFileType = sourcecode.swift; path = RegisterViewPresenter.swift; sourceTree = "<group>"; };
		B31B50A625080500004954CD /* RegisterViewInteractor.swift */ = {isa = PBXFileReference; lastKnownFileType = sourcecode.swift; path = RegisterViewInteractor.swift; sourceTree = "<group>"; };
		B31B50A825080516004954CD /* RegisterViewConfigurator.swift */ = {isa = PBXFileReference; lastKnownFileType = sourcecode.swift; path = RegisterViewConfigurator.swift; sourceTree = "<group>"; };
		B31B50AA2508E935004954CD /* MainPageRouter.swift */ = {isa = PBXFileReference; lastKnownFileType = sourcecode.swift; path = MainPageRouter.swift; sourceTree = "<group>"; };
		B38DBF0D2509F94200613EA3 /* ForgotenPasswordPresenter.swift */ = {isa = PBXFileReference; lastKnownFileType = sourcecode.swift; path = ForgotenPasswordPresenter.swift; sourceTree = "<group>"; };
		B38DBF0F2509F95600613EA3 /* ForgotPasswordInteractor.swift */ = {isa = PBXFileReference; lastKnownFileType = sourcecode.swift; path = ForgotPasswordInteractor.swift; sourceTree = "<group>"; };
		B38DBF112509F96900613EA3 /* ForgotPasswordConfigurator.swift */ = {isa = PBXFileReference; lastKnownFileType = sourcecode.swift; path = ForgotPasswordConfigurator.swift; sourceTree = "<group>"; };
		B38DBF17250A152600613EA3 /* NutsMarketTests.xctest */ = {isa = PBXFileReference; explicitFileType = wrapper.cfbundle; includeInIndex = 0; path = NutsMarketTests.xctest; sourceTree = BUILT_PRODUCTS_DIR; };
		B38DBF19250A152600613EA3 /* NutsMarketTests.swift */ = {isa = PBXFileReference; lastKnownFileType = sourcecode.swift; path = NutsMarketTests.swift; sourceTree = "<group>"; };
		B38DBF1B250A152600613EA3 /* Info.plist */ = {isa = PBXFileReference; lastKnownFileType = text.plist.xml; path = Info.plist; sourceTree = "<group>"; };
		B3CA18712504BCA8000C8578 /* GoogleService-Info.plist */ = {isa = PBXFileReference; fileEncoding = 4; lastKnownFileType = text.plist.xml; path = "GoogleService-Info.plist"; sourceTree = "<group>"; };
		B3CA18732504BF63000C8578 /* RegisterScreenViewController.swift */ = {isa = PBXFileReference; lastKnownFileType = sourcecode.swift; path = RegisterScreenViewController.swift; sourceTree = "<group>"; };
		B3CA18752504BF81000C8578 /* ForgotPasswordViewController.swift */ = {isa = PBXFileReference; lastKnownFileType = sourcecode.swift; path = ForgotPasswordViewController.swift; sourceTree = "<group>"; };
		B3CA18772504DA2F000C8578 /* ProfileViewController.swift */ = {isa = PBXFileReference; lastKnownFileType = sourcecode.swift; path = ProfileViewController.swift; sourceTree = "<group>"; };
		B3CA18792504DA93000C8578 /* DetailTableViewController.swift */ = {isa = PBXFileReference; lastKnownFileType = sourcecode.swift; path = DetailTableViewController.swift; sourceTree = "<group>"; };
		B3CA187B2504DBC6000C8578 /* ImageTableViewCell.swift */ = {isa = PBXFileReference; lastKnownFileType = sourcecode.swift; path = ImageTableViewCell.swift; sourceTree = "<group>"; };
		B3E7C546250CA4440007F08B /* NutModel.swift */ = {isa = PBXFileReference; lastKnownFileType = sourcecode.swift; path = NutModel.swift; sourceTree = "<group>"; };
		B3E7C548250CA4550007F08B /* User.swift */ = {isa = PBXFileReference; lastKnownFileType = sourcecode.swift; path = User.swift; sourceTree = "<group>"; };
		B3EFF8B224F82C7B00589626 /* NutsMarket.app */ = {isa = PBXFileReference; explicitFileType = wrapper.application; includeInIndex = 0; path = NutsMarket.app; sourceTree = BUILT_PRODUCTS_DIR; };
		B3EFF8B524F82C7B00589626 /* AppDelegate.swift */ = {isa = PBXFileReference; lastKnownFileType = sourcecode.swift; path = AppDelegate.swift; sourceTree = "<group>"; };
		B3EFF8B724F82C7B00589626 /* SceneDelegate.swift */ = {isa = PBXFileReference; lastKnownFileType = sourcecode.swift; path = SceneDelegate.swift; sourceTree = "<group>"; };
		B3EFF8B924F82C7B00589626 /* MainPageView.swift */ = {isa = PBXFileReference; lastKnownFileType = sourcecode.swift; path = MainPageView.swift; sourceTree = "<group>"; };
		B3EFF8BC24F82C7B00589626 /* Base */ = {isa = PBXFileReference; lastKnownFileType = file.storyboard; name = Base; path = Base.lproj/Main.storyboard; sourceTree = "<group>"; };
		B3EFF8BE24F82C7D00589626 /* Assets.xcassets */ = {isa = PBXFileReference; lastKnownFileType = folder.assetcatalog; path = Assets.xcassets; sourceTree = "<group>"; };
		B3EFF8C124F82C7D00589626 /* Base */ = {isa = PBXFileReference; lastKnownFileType = file.storyboard; name = Base; path = Base.lproj/LaunchScreen.storyboard; sourceTree = "<group>"; };
		B3EFF8C324F82C7D00589626 /* Info.plist */ = {isa = PBXFileReference; lastKnownFileType = text.plist.xml; path = Info.plist; sourceTree = "<group>"; };
		B3EFF8C924F82FC800589626 /* MarketCollectionViewController.swift */ = {isa = PBXFileReference; lastKnownFileType = sourcecode.swift; path = MarketCollectionViewController.swift; sourceTree = "<group>"; };
		C8E3621178AADB0AE5B3620B /* Pods-NutsMarket.debug.xcconfig */ = {isa = PBXFileReference; includeInIndex = 1; lastKnownFileType = text.xcconfig; name = "Pods-NutsMarket.debug.xcconfig"; path = "Target Support Files/Pods-NutsMarket/Pods-NutsMarket.debug.xcconfig"; sourceTree = "<group>"; };
		F97A84D21EFA9083E6C93EA7 /* Pods_NutsMarket.framework */ = {isa = PBXFileReference; explicitFileType = wrapper.framework; includeInIndex = 0; path = Pods_NutsMarket.framework; sourceTree = BUILT_PRODUCTS_DIR; };
/* End PBXFileReference section */

/* Begin PBXFrameworksBuildPhase section */
		B38DBF14250A152600613EA3 /* Frameworks */ = {
			isa = PBXFrameworksBuildPhase;
			buildActionMask = 2147483647;
			files = (
			);
			runOnlyForDeploymentPostprocessing = 0;
		};
		B3EFF8AF24F82C7B00589626 /* Frameworks */ = {
			isa = PBXFrameworksBuildPhase;
			buildActionMask = 2147483647;
			files = (
				83D357F0FF75FCB7091DED05 /* Pods_NutsMarket.framework in Frameworks */,
			);
			runOnlyForDeploymentPostprocessing = 0;
		};
/* End PBXFrameworksBuildPhase section */

/* Begin PBXGroup section */
		75B289CAC2E83ECBD12AEC2A /* Pods */ = {
			isa = PBXGroup;
			children = (
				C8E3621178AADB0AE5B3620B /* Pods-NutsMarket.debug.xcconfig */,
				918A118A6CE87DF5528F1373 /* Pods-NutsMarket.release.xcconfig */,
			);
			path = Pods;
			sourceTree = "<group>";
		};
		B31B509C2507F1E3004954CD /* MainPage */ = {
			isa = PBXGroup;
			children = (
				B3EFF8B924F82C7B00589626 /* MainPageView.swift */,
				B31B509D2507F24F004954CD /* MainPagePresenter.swift */,
				B31B509F2507F2E0004954CD /* MainPageViewControllerInteractor.swift */,
				B31B50A12507FCD0004954CD /* MainPageViewConfigurator.swift */,
				B31B50AA2508E935004954CD /* MainPageRouter.swift */,
			);
			path = MainPage;
			sourceTree = "<group>";
		};
		B31B50A325080379004954CD /* RegisterScreen */ = {
			isa = PBXGroup;
			children = (
				B3CA18732504BF63000C8578 /* RegisterScreenViewController.swift */,
				B31B50A4250804F1004954CD /* RegisterViewPresenter.swift */,
				B31B50A625080500004954CD /* RegisterViewInteractor.swift */,
				B31B50A825080516004954CD /* RegisterViewConfigurator.swift */,
			);
			path = RegisterScreen;
			sourceTree = "<group>";
		};
		B38DBF0C2509F92A00613EA3 /* ForgottenPasswordView */ = {
			isa = PBXGroup;
			children = (
				B3CA18752504BF81000C8578 /* ForgotPasswordViewController.swift */,
				B38DBF0D2509F94200613EA3 /* ForgotenPasswordPresenter.swift */,
				B38DBF0F2509F95600613EA3 /* ForgotPasswordInteractor.swift */,
				B38DBF112509F96900613EA3 /* ForgotPasswordConfigurator.swift */,
			);
			path = ForgottenPasswordView;
			sourceTree = "<group>";
		};
		B38DBF18250A152600613EA3 /* NutsMarketTests */ = {
			isa = PBXGroup;
			children = (
				B38DBF19250A152600613EA3 /* NutsMarketTests.swift */,
				B38DBF1B250A152600613EA3 /* Info.plist */,
			);
			path = NutsMarketTests;
			sourceTree = "<group>";
		};
		B3CA187D2504DD5A000C8578 /* SupportingFiles */ = {
			isa = PBXGroup;
			children = (
				B3EFF8B524F82C7B00589626 /* AppDelegate.swift */,
				B3EFF8B724F82C7B00589626 /* SceneDelegate.swift */,
				B3EFF8BE24F82C7D00589626 /* Assets.xcassets */,
			);
			path = SupportingFiles;
			sourceTree = "<group>";
		};
		B3CA187E2504DD73000C8578 /* ViewControllers */ = {
			isa = PBXGroup;
			children = (
				B31B509C2507F1E3004954CD /* MainPage */,
				B31B50A325080379004954CD /* RegisterScreen */,
				B38DBF0C2509F92A00613EA3 /* ForgottenPasswordView */,
				B3EFF8C924F82FC800589626 /* MarketCollectionViewController.swift */,
				B3CA187B2504DBC6000C8578 /* ImageTableViewCell.swift */,
				B3CA18792504DA93000C8578 /* DetailTableViewController.swift */,
				B3CA18772504DA2F000C8578 /* ProfileViewController.swift */,
			);
			path = ViewControllers;
			sourceTree = "<group>";
		};
		B3CA187F2504DD8A000C8578 /* Storyboards */ = {
			isa = PBXGroup;
			children = (
				B3EFF8BB24F82C7B00589626 /* Main.storyboard */,
				B3EFF8C024F82C7D00589626 /* LaunchScreen.storyboard */,
			);
			path = Storyboards;
			sourceTree = "<group>";
		};
		B3E7C54A250CA45A0007F08B /* Models */ = {
			isa = PBXGroup;
			children = (
				B3E7C546250CA4440007F08B /* NutModel.swift */,
				B3E7C548250CA4550007F08B /* User.swift */,
			);
			path = Models;
			sourceTree = "<group>";
		};
		B3EFF8A924F82C7B00589626 = {
			isa = PBXGroup;
			children = (
				B3EFF8B424F82C7B00589626 /* NutsMarket */,
				B38DBF18250A152600613EA3 /* NutsMarketTests */,
				B3EFF8B324F82C7B00589626 /* Products */,
				75B289CAC2E83ECBD12AEC2A /* Pods */,
				B8FF7E1020FDDCE537B52CAE /* Frameworks */,
			);
			sourceTree = "<group>";
		};
		B3EFF8B324F82C7B00589626 /* Products */ = {
			isa = PBXGroup;
			children = (
				B3EFF8B224F82C7B00589626 /* NutsMarket.app */,
				B38DBF17250A152600613EA3 /* NutsMarketTests.xctest */,
			);
			name = Products;
			sourceTree = "<group>";
		};
		B3EFF8B424F82C7B00589626 /* NutsMarket */ = {
			isa = PBXGroup;
			children = (
				B3E7C54A250CA45A0007F08B /* Models */,
				B3CA187E2504DD73000C8578 /* ViewControllers */,
				B3CA187D2504DD5A000C8578 /* SupportingFiles */,
				B3CA187F2504DD8A000C8578 /* Storyboards */,
				B3EFF8C324F82C7D00589626 /* Info.plist */,
				B3CA18712504BCA8000C8578 /* GoogleService-Info.plist */,
			);
			path = NutsMarket;
			sourceTree = "<group>";
		};
		B8FF7E1020FDDCE537B52CAE /* Frameworks */ = {
			isa = PBXGroup;
			children = (
				F97A84D21EFA9083E6C93EA7 /* Pods_NutsMarket.framework */,
			);
			name = Frameworks;
			sourceTree = "<group>";
		};
/* End PBXGroup section */

/* Begin PBXNativeTarget section */
		B38DBF16250A152600613EA3 /* NutsMarketTests */ = {
			isa = PBXNativeTarget;
			buildConfigurationList = B38DBF20250A152600613EA3 /* Build configuration list for PBXNativeTarget "NutsMarketTests" */;
			buildPhases = (
				B38DBF13250A152600613EA3 /* Sources */,
				B38DBF14250A152600613EA3 /* Frameworks */,
				B38DBF15250A152600613EA3 /* Resources */,
			);
			buildRules = (
			);
			dependencies = (
				B38DBF1D250A152600613EA3 /* PBXTargetDependency */,
			);
			name = NutsMarketTests;
			productName = NutsMarketTests;
			productReference = B38DBF17250A152600613EA3 /* NutsMarketTests.xctest */;
			productType = "com.apple.product-type.bundle.unit-test";
		};
		B3EFF8B124F82C7B00589626 /* NutsMarket */ = {
			isa = PBXNativeTarget;
			buildConfigurationList = B3EFF8C624F82C7D00589626 /* Build configuration list for PBXNativeTarget "NutsMarket" */;
			buildPhases = (
				8FE1CED16D489D2A99892A62 /* [CP] Check Pods Manifest.lock */,
				B3EFF8AE24F82C7B00589626 /* Sources */,
				B3EFF8AF24F82C7B00589626 /* Frameworks */,
				B3EFF8B024F82C7B00589626 /* Resources */,
				7D32D2C74640379EC6DAFFCC /* [CP] Embed Pods Frameworks */,
			);
			buildRules = (
			);
			dependencies = (
			);
			name = NutsMarket;
			productName = NutsMarket;
			productReference = B3EFF8B224F82C7B00589626 /* NutsMarket.app */;
			productType = "com.apple.product-type.application";
		};
/* End PBXNativeTarget section */

/* Begin PBXProject section */
		B3EFF8AA24F82C7B00589626 /* Project object */ = {
			isa = PBXProject;
			attributes = {
				LastSwiftUpdateCheck = 1170;
				LastUpgradeCheck = 1160;
				ORGANIZATIONNAME = "Stanislav Klimov";
				TargetAttributes = {
					B38DBF16250A152600613EA3 = {
						CreatedOnToolsVersion = 11.7;
						TestTargetID = B3EFF8B124F82C7B00589626;
					};
					B3EFF8B124F82C7B00589626 = {
						CreatedOnToolsVersion = 11.6;
					};
				};
			};
			buildConfigurationList = B3EFF8AD24F82C7B00589626 /* Build configuration list for PBXProject "NutsMarket" */;
			compatibilityVersion = "Xcode 9.3";
			developmentRegion = en;
			hasScannedForEncodings = 0;
			knownRegions = (
				en,
				Base,
			);
			mainGroup = B3EFF8A924F82C7B00589626;
			productRefGroup = B3EFF8B324F82C7B00589626 /* Products */;
			projectDirPath = "";
			projectRoot = "";
			targets = (
				B3EFF8B124F82C7B00589626 /* NutsMarket */,
				B38DBF16250A152600613EA3 /* NutsMarketTests */,
			);
		};
/* End PBXProject section */

/* Begin PBXResourcesBuildPhase section */
		B38DBF15250A152600613EA3 /* Resources */ = {
			isa = PBXResourcesBuildPhase;
			buildActionMask = 2147483647;
			files = (
			);
			runOnlyForDeploymentPostprocessing = 0;
		};
		B3EFF8B024F82C7B00589626 /* Resources */ = {
			isa = PBXResourcesBuildPhase;
			buildActionMask = 2147483647;
			files = (
				B3EFF8C224F82C7D00589626 /* LaunchScreen.storyboard in Resources */,
				B3CA18722504BCA8000C8578 /* GoogleService-Info.plist in Resources */,
				B3EFF8BF24F82C7D00589626 /* Assets.xcassets in Resources */,
				B3EFF8BD24F82C7B00589626 /* Main.storyboard in Resources */,
			);
			runOnlyForDeploymentPostprocessing = 0;
		};
/* End PBXResourcesBuildPhase section */

/* Begin PBXShellScriptBuildPhase section */
		7D32D2C74640379EC6DAFFCC /* [CP] Embed Pods Frameworks */ = {
			isa = PBXShellScriptBuildPhase;
			buildActionMask = 2147483647;
			files = (
			);
			inputFileListPaths = (
				"${PODS_ROOT}/Target Support Files/Pods-NutsMarket/Pods-NutsMarket-frameworks-${CONFIGURATION}-input-files.xcfilelist",
			);
			name = "[CP] Embed Pods Frameworks";
			outputFileListPaths = (
				"${PODS_ROOT}/Target Support Files/Pods-NutsMarket/Pods-NutsMarket-frameworks-${CONFIGURATION}-output-files.xcfilelist",
			);
			runOnlyForDeploymentPostprocessing = 0;
			shellPath = /bin/sh;
			shellScript = "\"${PODS_ROOT}/Target Support Files/Pods-NutsMarket/Pods-NutsMarket-frameworks.sh\"\n";
			showEnvVarsInLog = 0;
		};
		8FE1CED16D489D2A99892A62 /* [CP] Check Pods Manifest.lock */ = {
			isa = PBXShellScriptBuildPhase;
			buildActionMask = 2147483647;
			files = (
			);
			inputFileListPaths = (
			);
			inputPaths = (
				"${PODS_PODFILE_DIR_PATH}/Podfile.lock",
				"${PODS_ROOT}/Manifest.lock",
			);
			name = "[CP] Check Pods Manifest.lock";
			outputFileListPaths = (
			);
			outputPaths = (
				"$(DERIVED_FILE_DIR)/Pods-NutsMarket-checkManifestLockResult.txt",
			);
			runOnlyForDeploymentPostprocessing = 0;
			shellPath = /bin/sh;
			shellScript = "diff \"${PODS_PODFILE_DIR_PATH}/Podfile.lock\" \"${PODS_ROOT}/Manifest.lock\" > /dev/null\nif [ $? != 0 ] ; then\n    # print error to STDERR\n    echo \"error: The sandbox is not in sync with the Podfile.lock. Run 'pod install' or update your CocoaPods installation.\" >&2\n    exit 1\nfi\n# This output is used by Xcode 'outputs' to avoid re-running this script phase.\necho \"SUCCESS\" > \"${SCRIPT_OUTPUT_FILE_0}\"\n";
			showEnvVarsInLog = 0;
		};
/* End PBXShellScriptBuildPhase section */

/* Begin PBXSourcesBuildPhase section */
		B38DBF13250A152600613EA3 /* Sources */ = {
			isa = PBXSourcesBuildPhase;
			buildActionMask = 2147483647;
			files = (
				B38DBF1A250A152600613EA3 /* NutsMarketTests.swift in Sources */,
			);
			runOnlyForDeploymentPostprocessing = 0;
		};
		B3EFF8AE24F82C7B00589626 /* Sources */ = {
			isa = PBXSourcesBuildPhase;
			buildActionMask = 2147483647;
			files = (
				B31B50A925080516004954CD /* RegisterViewConfigurator.swift in Sources */,
				B3EFF8CA24F82FC800589626 /* MarketCollectionViewController.swift in Sources */,
				B31B50AB2508E935004954CD /* MainPageRouter.swift in Sources */,
				B3EFF8BA24F82C7B00589626 /* MainPageView.swift in Sources */,
				B3CA18762504BF81000C8578 /* ForgotPasswordViewController.swift in Sources */,
				B3CA187C2504DBC6000C8578 /* ImageTableViewCell.swift in Sources */,
				B31B50A725080500004954CD /* RegisterViewInteractor.swift in Sources */,
				B3EFF8B624F82C7B00589626 /* AppDelegate.swift in Sources */,
				B3E7C547250CA4440007F08B /* NutModel.swift in Sources */,
				B31B50A5250804F1004954CD /* RegisterViewPresenter.swift in Sources */,
				B3CA187A2504DA93000C8578 /* DetailTableViewController.swift in Sources */,
				B38DBF102509F95600613EA3 /* ForgotPasswordInteractor.swift in Sources */,
				B31B509E2507F24F004954CD /* MainPagePresenter.swift in Sources */,
				B3CA18782504DA2F000C8578 /* ProfileViewController.swift in Sources */,
				B3EFF8B824F82C7B00589626 /* SceneDelegate.swift in Sources */,
				B38DBF0E2509F94200613EA3 /* ForgotenPasswordPresenter.swift in Sources */,
				B31B50A22507FCD0004954CD /* MainPageViewConfigurator.swift in Sources */,
				B31B50A02507F2E0004954CD /* MainPageViewControllerInteractor.swift in Sources */,
				B3CA18742504BF63000C8578 /* RegisterScreenViewController.swift in Sources */,
				B38DBF122509F96900613EA3 /* ForgotPasswordConfigurator.swift in Sources */,
				B3E7C549250CA4550007F08B /* User.swift in Sources */,
			);
			runOnlyForDeploymentPostprocessing = 0;
		};
/* End PBXSourcesBuildPhase section */

/* Begin PBXTargetDependency section */
		B38DBF1D250A152600613EA3 /* PBXTargetDependency */ = {
			isa = PBXTargetDependency;
			target = B3EFF8B124F82C7B00589626 /* NutsMarket */;
			targetProxy = B38DBF1C250A152600613EA3 /* PBXContainerItemProxy */;
		};
/* End PBXTargetDependency section */

/* Begin PBXVariantGroup section */
		B3EFF8BB24F82C7B00589626 /* Main.storyboard */ = {
			isa = PBXVariantGroup;
			children = (
				B3EFF8BC24F82C7B00589626 /* Base */,
			);
			name = Main.storyboard;
			sourceTree = "<group>";
		};
		B3EFF8C024F82C7D00589626 /* LaunchScreen.storyboard */ = {
			isa = PBXVariantGroup;
			children = (
				B3EFF8C124F82C7D00589626 /* Base */,
			);
			name = LaunchScreen.storyboard;
			sourceTree = "<group>";
		};
/* End PBXVariantGroup section */

/* Begin XCBuildConfiguration section */
		B38DBF1E250A152600613EA3 /* Debug */ = {
			isa = XCBuildConfiguration;
			buildSettings = {
				BUNDLE_LOADER = "$(TEST_HOST)";
				CODE_SIGN_STYLE = Automatic;
				DEVELOPMENT_TEAM = H3DYTYX5S2;
				INFOPLIST_FILE = NutsMarketTests/Info.plist;
				IPHONEOS_DEPLOYMENT_TARGET = 13.7;
				LD_RUNPATH_SEARCH_PATHS = (
					"$(inherited)",
					"@executable_path/Frameworks",
					"@loader_path/Frameworks",
				);
				PRODUCT_BUNDLE_IDENTIFIER = No.NutsMarketTests;
				PRODUCT_NAME = "$(TARGET_NAME)";
				SWIFT_VERSION = 5.0;
				TARGETED_DEVICE_FAMILY = "1,2";
				TEST_HOST = "$(BUILT_PRODUCTS_DIR)/NutsMarket.app/NutsMarket";
			};
			name = Debug;
		};
		B38DBF1F250A152600613EA3 /* Release */ = {
			isa = XCBuildConfiguration;
			buildSettings = {
				BUNDLE_LOADER = "$(TEST_HOST)";
				CODE_SIGN_STYLE = Automatic;
				DEVELOPMENT_TEAM = H3DYTYX5S2;
				INFOPLIST_FILE = NutsMarketTests/Info.plist;
				IPHONEOS_DEPLOYMENT_TARGET = 13.7;
				LD_RUNPATH_SEARCH_PATHS = (
					"$(inherited)",
					"@executable_path/Frameworks",
					"@loader_path/Frameworks",
				);
				PRODUCT_BUNDLE_IDENTIFIER = No.NutsMarketTests;
				PRODUCT_NAME = "$(TARGET_NAME)";
				SWIFT_VERSION = 5.0;
				TARGETED_DEVICE_FAMILY = "1,2";
				TEST_HOST = "$(BUILT_PRODUCTS_DIR)/NutsMarket.app/NutsMarket";
			};
			name = Release;
		};
		B3EFF8C424F82C7D00589626 /* Debug */ = {
			isa = XCBuildConfiguration;
			buildSettings = {
				ALWAYS_SEARCH_USER_PATHS = NO;
				CLANG_ANALYZER_NONNULL = YES;
				CLANG_ANALYZER_NUMBER_OBJECT_CONVERSION = YES_AGGRESSIVE;
				CLANG_CXX_LANGUAGE_STANDARD = "gnu++14";
				CLANG_CXX_LIBRARY = "libc++";
				CLANG_ENABLE_MODULES = YES;
				CLANG_ENABLE_OBJC_ARC = YES;
				CLANG_ENABLE_OBJC_WEAK = YES;
				CLANG_WARN_BLOCK_CAPTURE_AUTORELEASING = YES;
				CLANG_WARN_BOOL_CONVERSION = YES;
				CLANG_WARN_COMMA = YES;
				CLANG_WARN_CONSTANT_CONVERSION = YES;
				CLANG_WARN_DEPRECATED_OBJC_IMPLEMENTATIONS = YES;
				CLANG_WARN_DIRECT_OBJC_ISA_USAGE = YES_ERROR;
				CLANG_WARN_DOCUMENTATION_COMMENTS = YES;
				CLANG_WARN_EMPTY_BODY = YES;
				CLANG_WARN_ENUM_CONVERSION = YES;
				CLANG_WARN_INFINITE_RECURSION = YES;
				CLANG_WARN_INT_CONVERSION = YES;
				CLANG_WARN_NON_LITERAL_NULL_CONVERSION = YES;
				CLANG_WARN_OBJC_IMPLICIT_RETAIN_SELF = YES;
				CLANG_WARN_OBJC_LITERAL_CONVERSION = YES;
				CLANG_WARN_OBJC_ROOT_CLASS = YES_ERROR;
				CLANG_WARN_RANGE_LOOP_ANALYSIS = YES;
				CLANG_WARN_STRICT_PROTOTYPES = YES;
				CLANG_WARN_SUSPICIOUS_MOVE = YES;
				CLANG_WARN_UNGUARDED_AVAILABILITY = YES_AGGRESSIVE;
				CLANG_WARN_UNREACHABLE_CODE = YES;
				CLANG_WARN__DUPLICATE_METHOD_MATCH = YES;
				COPY_PHASE_STRIP = NO;
				DEBUG_INFORMATION_FORMAT = dwarf;
				ENABLE_STRICT_OBJC_MSGSEND = YES;
				ENABLE_TESTABILITY = YES;
				GCC_C_LANGUAGE_STANDARD = gnu11;
				GCC_DYNAMIC_NO_PIC = NO;
				GCC_NO_COMMON_BLOCKS = YES;
				GCC_OPTIMIZATION_LEVEL = 0;
				GCC_PREPROCESSOR_DEFINITIONS = (
					"DEBUG=1",
					"$(inherited)",
				);
				GCC_WARN_64_TO_32_BIT_CONVERSION = YES;
				GCC_WARN_ABOUT_RETURN_TYPE = YES_ERROR;
				GCC_WARN_UNDECLARED_SELECTOR = YES;
				GCC_WARN_UNINITIALIZED_AUTOS = YES_AGGRESSIVE;
				GCC_WARN_UNUSED_FUNCTION = YES;
				GCC_WARN_UNUSED_VARIABLE = YES;
				IPHONEOS_DEPLOYMENT_TARGET = 13.6;
				MTL_ENABLE_DEBUG_INFO = INCLUDE_SOURCE;
				MTL_FAST_MATH = YES;
				ONLY_ACTIVE_ARCH = YES;
				SDKROOT = iphoneos;
				SWIFT_ACTIVE_COMPILATION_CONDITIONS = DEBUG;
				SWIFT_OPTIMIZATION_LEVEL = "-Onone";
			};
			name = Debug;
		};
		B3EFF8C524F82C7D00589626 /* Release */ = {
			isa = XCBuildConfiguration;
			buildSettings = {
				ALWAYS_SEARCH_USER_PATHS = NO;
				CLANG_ANALYZER_NONNULL = YES;
				CLANG_ANALYZER_NUMBER_OBJECT_CONVERSION = YES_AGGRESSIVE;
				CLANG_CXX_LANGUAGE_STANDARD = "gnu++14";
				CLANG_CXX_LIBRARY = "libc++";
				CLANG_ENABLE_MODULES = YES;
				CLANG_ENABLE_OBJC_ARC = YES;
				CLANG_ENABLE_OBJC_WEAK = YES;
				CLANG_WARN_BLOCK_CAPTURE_AUTORELEASING = YES;
				CLANG_WARN_BOOL_CONVERSION = YES;
				CLANG_WARN_COMMA = YES;
				CLANG_WARN_CONSTANT_CONVERSION = YES;
				CLANG_WARN_DEPRECATED_OBJC_IMPLEMENTATIONS = YES;
				CLANG_WARN_DIRECT_OBJC_ISA_USAGE = YES_ERROR;
				CLANG_WARN_DOCUMENTATION_COMMENTS = YES;
				CLANG_WARN_EMPTY_BODY = YES;
				CLANG_WARN_ENUM_CONVERSION = YES;
				CLANG_WARN_INFINITE_RECURSION = YES;
				CLANG_WARN_INT_CONVERSION = YES;
				CLANG_WARN_NON_LITERAL_NULL_CONVERSION = YES;
				CLANG_WARN_OBJC_IMPLICIT_RETAIN_SELF = YES;
				CLANG_WARN_OBJC_LITERAL_CONVERSION = YES;
				CLANG_WARN_OBJC_ROOT_CLASS = YES_ERROR;
				CLANG_WARN_RANGE_LOOP_ANALYSIS = YES;
				CLANG_WARN_STRICT_PROTOTYPES = YES;
				CLANG_WARN_SUSPICIOUS_MOVE = YES;
				CLANG_WARN_UNGUARDED_AVAILABILITY = YES_AGGRESSIVE;
				CLANG_WARN_UNREACHABLE_CODE = YES;
				CLANG_WARN__DUPLICATE_METHOD_MATCH = YES;
				COPY_PHASE_STRIP = NO;
				DEBUG_INFORMATION_FORMAT = "dwarf-with-dsym";
				ENABLE_NS_ASSERTIONS = NO;
				ENABLE_STRICT_OBJC_MSGSEND = YES;
				GCC_C_LANGUAGE_STANDARD = gnu11;
				GCC_NO_COMMON_BLOCKS = YES;
				GCC_WARN_64_TO_32_BIT_CONVERSION = YES;
				GCC_WARN_ABOUT_RETURN_TYPE = YES_ERROR;
				GCC_WARN_UNDECLARED_SELECTOR = YES;
				GCC_WARN_UNINITIALIZED_AUTOS = YES_AGGRESSIVE;
				GCC_WARN_UNUSED_FUNCTION = YES;
				GCC_WARN_UNUSED_VARIABLE = YES;
				IPHONEOS_DEPLOYMENT_TARGET = 13.6;
				MTL_ENABLE_DEBUG_INFO = NO;
				MTL_FAST_MATH = YES;
				SDKROOT = iphoneos;
				SWIFT_COMPILATION_MODE = wholemodule;
				SWIFT_OPTIMIZATION_LEVEL = "-O";
				VALIDATE_PRODUCT = YES;
			};
			name = Release;
		};
		B3EFF8C724F82C7D00589626 /* Debug */ = {
			isa = XCBuildConfiguration;
			baseConfigurationReference = C8E3621178AADB0AE5B3620B /* Pods-NutsMarket.debug.xcconfig */;
			buildSettings = {
				ASSETCATALOG_COMPILER_APPICON_NAME = AppIcon;
				CODE_SIGN_STYLE = Automatic;
				DEVELOPMENT_TEAM = H3DYTYX5S2;
				INFOPLIST_FILE = NutsMarket/Info.plist;
				LD_RUNPATH_SEARCH_PATHS = (
					"$(inherited)",
					"@executable_path/Frameworks",
				);
				PRODUCT_BUNDLE_IDENTIFIER = No.NutsMarket;
				PRODUCT_NAME = "$(TARGET_NAME)";
				SWIFT_VERSION = 5.0;
				TARGETED_DEVICE_FAMILY = "1,2";
			};
			name = Debug;
		};
		B3EFF8C824F82C7D00589626 /* Release */ = {
			isa = XCBuildConfiguration;
			baseConfigurationReference = 918A118A6CE87DF5528F1373 /* Pods-NutsMarket.release.xcconfig */;
			buildSettings = {
				ASSETCATALOG_COMPILER_APPICON_NAME = AppIcon;
				CODE_SIGN_STYLE = Automatic;
				DEVELOPMENT_TEAM = H3DYTYX5S2;
				INFOPLIST_FILE = NutsMarket/Info.plist;
				LD_RUNPATH_SEARCH_PATHS = (
					"$(inherited)",
					"@executable_path/Frameworks",
				);
				PRODUCT_BUNDLE_IDENTIFIER = No.NutsMarket;
				PRODUCT_NAME = "$(TARGET_NAME)";
				SWIFT_VERSION = 5.0;
				TARGETED_DEVICE_FAMILY = "1,2";
			};
			name = Release;
		};
/* End XCBuildConfiguration section */

/* Begin XCConfigurationList section */
		B38DBF20250A152600613EA3 /* Build configuration list for PBXNativeTarget "NutsMarketTests" */ = {
			isa = XCConfigurationList;
			buildConfigurations = (
				B38DBF1E250A152600613EA3 /* Debug */,
				B38DBF1F250A152600613EA3 /* Release */,
			);
			defaultConfigurationIsVisible = 0;
			defaultConfigurationName = Release;
		};
		B3EFF8AD24F82C7B00589626 /* Build configuration list for PBXProject "NutsMarket" */ = {
			isa = XCConfigurationList;
			buildConfigurations = (
				B3EFF8C424F82C7D00589626 /* Debug */,
				B3EFF8C524F82C7D00589626 /* Release */,
			);
			defaultConfigurationIsVisible = 0;
			defaultConfigurationName = Release;
		};
		B3EFF8C624F82C7D00589626 /* Build configuration list for PBXNativeTarget "NutsMarket" */ = {
			isa = XCConfigurationList;
			buildConfigurations = (
				B3EFF8C724F82C7D00589626 /* Debug */,
				B3EFF8C824F82C7D00589626 /* Release */,
			);
			defaultConfigurationIsVisible = 0;
			defaultConfigurationName = Release;
		};
/* End XCConfigurationList section */
	};
	rootObject = B3EFF8AA24F82C7B00589626 /* Project object */;
}
